lockfileVersion: 5.3

importers:

  .:
    specifiers:
      monaco-editor: 0.23.0
      testing-foo: 1.0.0
    dependencies:
      monaco-editor: 0.23.0
      testing-foo: link:packages/testing-foo

  packages/testing-foo:
    specifiers:
      react-monaco-editor: 0.40.0
    dependencies:
      react-monaco-editor: 0.40.0

packages:

  /js-tokens/4.0.0:
    resolution: {integrity: sha512-RdJUflcE3cUzKiMqQgsCu06FPu9UdIJO0beYbPhHN4k6apgJtifcoCtT9bcxOpYBtpD2kCM6Sbzg4CausW/PKQ==}
    dev: false

  /loose-envify/1.4.0:
    resolution: {integrity: sha512-lyuxPGr/Wfhrlem2CL/UcnUc1zcqKAImBDzukY7Y5F/yQiNdko6+fRLevlw1HgMySw7f611UIY408EtxRSoK3Q==}
    hasBin: true
    dependencies:
      js-tokens: 4.0.0
    dev: false

  /monaco-editor/0.23.0:
    resolution: {integrity: sha512-q+CP5zMR/aFiMTE9QlIavGyGicKnG2v/H8qVvybLzeFsARM8f6G9fL0sMST2tyVYCwDKkGamZUI6647A0jR/Lg==}
    dev: false

  /monaco-editor/0.33.0:
    resolution: {integrity: sha512-VcRWPSLIUEgQJQIE0pVT8FcGBIgFoxz7jtqctE+IiCxWugD0DwgyQBcZBhdSrdMC84eumoqMZsGl2GTreOzwqw==}
    dev: false

  /object-assign/4.1.1:
    resolution: {integrity: sha1-IQmtx5ZYh8/AXLvUQsrIv7s2CGM=}
    engines: {node: '>=0.10.0'}
    dev: false

  /prop-types/15.8.1:
    resolution: {integrity: sha512-oj87CgZICdulUohogVAR7AjlC0327U4el4L6eAvOqCeudMDVU0NThNaV+b9Df4dXgSP1gXMTnPdhfe/2qDH5cg==}
    dependencies:
      loose-envify: 1.4.0
      object-assign: 4.1.1
      react-is: 16.13.1
    dev: false

  /react-is/16.13.1:
    resolution: {integrity: sha512-24e6ynE2H+OKt4kqsOvNd8kBpV65zoxbA4BVsEOB3ARVWQki/DHzaUoC5KuON/BiccDaCCTZBuOcfZs70kR8bQ==}
    dev: false

  /react-monaco-editor/0.40.0:
    resolution: {integrity: sha512-IG322vOwKc/yjhn91xbqHONyAVxjv5L0YOUBU+hDwfswlglm/sGsqGhK9n1lD5d3l3kegMO/ZeZaMHC2LGgNRw==}
    peerDependencies:
      '@types/react': ^16.x
      react: ^16.x
    dependencies:
      monaco-editor: 0.33.0
      prop-types: 15.8.1
    dev: false
